
Microsoft Visual Studio Solution File, Format Version 12.00
# Visual Studio Version 17
VisualStudioVersion = 17.13.35919.96 d17.13
MinimumVisualStudioVersion = 10.0.40219.1
Project("{FAE04EC0-301F-11D3-BF4B-00C04F79EFBC}") = "YuNilarThinn.MiniPOS", "YuNilarThinn.MiniPOS\YuNilarThinn.MiniPOS.csproj", "{D5A984A8-E1FD-426E-BB77-70E29964BE0B}"
EndProject
Global
	GlobalSection(SolutionConfigurationPlatforms) = preSolution
		Debug|Any CPU = Debug|Any CPU
		Release|Any CPU = Release|Any CPU
	EndGlobalSection
	GlobalSection(ProjectConfigurationPlatforms) = postSolution
		{D5A984A8-E1FD-426E-BB77-70E29964BE0B}.Debug|Any CPU.ActiveCfg = Debug|Any CPU
		{D5A984A8-E1FD-426E-BB77-70E29964BE0B}.Debug|Any CPU.Build.0 = Debug|Any CPU
		{D5A984A8-E1FD-426E-BB77-70E29964BE0B}.Release|Any CPU.ActiveCfg = Release|Any CPU
		{D5A984A8-E1FD-426E-BB77-70E29964BE0B}.Release|Any CPU.Build.0 = Release|Any CPU
	EndGlobalSection
	GlobalSection(SolutionProperties) = preSolution
		HideSolutionNode = FALSE
	EndGlobalSection
	GlobalSection(ExtensibilityGlobals) = postSolution
		SolutionGuid = {549C8CBF-758D-4494-886C-FD0A3CC52AF3}
	EndGlobalSection
EndGlobal
